// !$*UTF8*$!
{
	archiveVersion = 1;
	classes = {
	};
	objectVersion = 50;
	objects = {

/* Begin PBXBuildFile section */
		64F28D97BDDF5D4A0040E30F /* Pods_clova_takizawa.framework in Frameworks */ = {isa = PBXBuildFile; fileRef = 0B9E4337AF4D9C452ED127D5 /* Pods_clova_takizawa.framework */; };
		6E59E3E021033CA7000098D9 /* DMManager.swift in Sources */ = {isa = PBXBuildFile; fileRef = 6E59E3DF21033CA7000098D9 /* DMManager.swift */; };
		6E59E3E221033CB0000098D9 /* Dm.swift in Sources */ = {isa = PBXBuildFile; fileRef = 6E59E3E121033CB0000098D9 /* Dm.swift */; };
		6E59E3E4210347F4000098D9 /* User.swift in Sources */ = {isa = PBXBuildFile; fileRef = 6E59E3E3210347F4000098D9 /* User.swift */; };
		6E91E979210321EB001EFD8A /* AppDelegate.swift in Sources */ = {isa = PBXBuildFile; fileRef = 6E91E978210321EB001EFD8A /* AppDelegate.swift */; };
		6E91E97B210321EB001EFD8A /* TopViewController.swift in Sources */ = {isa = PBXBuildFile; fileRef = 6E91E97A210321EB001EFD8A /* TopViewController.swift */; };
		6E91E97E210321EB001EFD8A /* TopViewController.storyboard in Resources */ = {isa = PBXBuildFile; fileRef = 6E91E97C210321EB001EFD8A /* TopViewController.storyboard */; };
		6E91E980210321ED001EFD8A /* Assets.xcassets in Resources */ = {isa = PBXBuildFile; fileRef = 6E91E97F210321ED001EFD8A /* Assets.xcassets */; };
		6E91E983210321ED001EFD8A /* LaunchScreen.storyboard in Resources */ = {isa = PBXBuildFile; fileRef = 6E91E981210321ED001EFD8A /* LaunchScreen.storyboard */; };
		6EF5A2B621034DC900C2842B /* DmListViewController.swift in Sources */ = {isa = PBXBuildFile; fileRef = 6EF5A2B521034DC900C2842B /* DmListViewController.swift */; };
		6EF5A2BA2103504500C2842B /* ChatInputBottomView.xib in Resources */ = {isa = PBXBuildFile; fileRef = 6EF5A2B92103504500C2842B /* ChatInputBottomView.xib */; };
		6EF5A2BC2103505300C2842B /* ChaInputBottomView.swift in Sources */ = {isa = PBXBuildFile; fileRef = 6EF5A2BB2103505300C2842B /* ChaInputBottomView.swift */; };
		6EF5A2BF2103520800C2842B /* DmViewController.swift in Sources */ = {isa = PBXBuildFile; fileRef = 6EF5A2BE2103520800C2842B /* DmViewController.swift */; };
		6EFF34DF210324CA005E7F88 /* R.generated.swift in Sources */ = {isa = PBXBuildFile; fileRef = 6EFF34DE210324C9005E7F88 /* R.generated.swift */; };
		6EFF34E2210328D5005E7F88 /* AddClovaViewController.swift in Sources */ = {isa = PBXBuildFile; fileRef = 6EFF34E1210328D5005E7F88 /* AddClovaViewController.swift */; };
		6EFF34E4210328E1005E7F88 /* AddClovaViewController.storyboard in Resources */ = {isa = PBXBuildFile; fileRef = 6EFF34E3210328E1005E7F88 /* AddClovaViewController.storyboard */; };
		6EFF34E621032B1E005E7F88 /* ClovaManager.swift in Sources */ = {isa = PBXBuildFile; fileRef = 6EFF34E521032B1E005E7F88 /* ClovaManager.swift */; };
		6EFF34E921032B6F005E7F88 /* Clova.swift in Sources */ = {isa = PBXBuildFile; fileRef = 6EFF34E821032B6F005E7F88 /* Clova.swift */; };
		6EFF34EB210334B3005E7F88 /* ClovaSpeechListViewController.swift in Sources */ = {isa = PBXBuildFile; fileRef = 6EFF34EA210334B3005E7F88 /* ClovaSpeechListViewController.swift */; };
		6EFF34ED210334C0005E7F88 /* ClovaSpeechList.storyboard in Resources */ = {isa = PBXBuildFile; fileRef = 6EFF34EC210334C0005E7F88 /* ClovaSpeechList.storyboard */; };
		6EFF34F021033690005E7F88 /* Chat.swift in Sources */ = {isa = PBXBuildFile; fileRef = 6EFF34EF21033690005E7F88 /* Chat.swift */; };
		6EFF34F321033993005E7F88 /* ChatManager.swift in Sources */ = {isa = PBXBuildFile; fileRef = 6EFF34F221033993005E7F88 /* ChatManager.swift */; };
/* End PBXBuildFile section */

/* Begin PBXFileReference section */
		0B9E4337AF4D9C452ED127D5 /* Pods_clova_takizawa.framework */ = {isa = PBXFileReference; explicitFileType = wrapper.framework; includeInIndex = 0; path = Pods_clova_takizawa.framework; sourceTree = BUILT_PRODUCTS_DIR; };
		6E59E3DF21033CA7000098D9 /* DMManager.swift */ = {isa = PBXFileReference; lastKnownFileType = sourcecode.swift; path = DMManager.swift; sourceTree = "<group>"; };
		6E59E3E121033CB0000098D9 /* Dm.swift */ = {isa = PBXFileReference; lastKnownFileType = sourcecode.swift; path = Dm.swift; sourceTree = "<group>"; };
		6E59E3E3210347F4000098D9 /* User.swift */ = {isa = PBXFileReference; lastKnownFileType = sourcecode.swift; path = User.swift; sourceTree = "<group>"; };
		6E91E975210321EB001EFD8A /* clova-takizawa.app */ = {isa = PBXFileReference; explicitFileType = wrapper.application; includeInIndex = 0; path = "clova-takizawa.app"; sourceTree = BUILT_PRODUCTS_DIR; };
		6E91E978210321EB001EFD8A /* AppDelegate.swift */ = {isa = PBXFileReference; lastKnownFileType = sourcecode.swift; path = AppDelegate.swift; sourceTree = "<group>"; };
		6E91E97A210321EB001EFD8A /* TopViewController.swift */ = {isa = PBXFileReference; lastKnownFileType = sourcecode.swift; path = TopViewController.swift; sourceTree = "<group>"; };
		6E91E97D210321EB001EFD8A /* Base */ = {isa = PBXFileReference; lastKnownFileType = file.storyboard; name = Base; path = Base.lproj/TopViewController.storyboard; sourceTree = "<group>"; };
		6E91E97F210321ED001EFD8A /* Assets.xcassets */ = {isa = PBXFileReference; lastKnownFileType = folder.assetcatalog; path = Assets.xcassets; sourceTree = "<group>"; };
		6E91E982210321ED001EFD8A /* Base */ = {isa = PBXFileReference; lastKnownFileType = file.storyboard; name = Base; path = Base.lproj/LaunchScreen.storyboard; sourceTree = "<group>"; };
		6E91E984210321ED001EFD8A /* Info.plist */ = {isa = PBXFileReference; lastKnownFileType = text.plist.xml; path = Info.plist; sourceTree = "<group>"; };
		6EF5A2B521034DC900C2842B /* DmListViewController.swift */ = {isa = PBXFileReference; lastKnownFileType = sourcecode.swift; path = DmListViewController.swift; sourceTree = "<group>"; };
		6EF5A2B92103504500C2842B /* ChatInputBottomView.xib */ = {isa = PBXFileReference; lastKnownFileType = file.xib; path = ChatInputBottomView.xib; sourceTree = "<group>"; };
		6EF5A2BB2103505300C2842B /* ChaInputBottomView.swift */ = {isa = PBXFileReference; lastKnownFileType = sourcecode.swift; path = ChaInputBottomView.swift; sourceTree = "<group>"; };
		6EF5A2BE2103520800C2842B /* DmViewController.swift */ = {isa = PBXFileReference; lastKnownFileType = sourcecode.swift; path = DmViewController.swift; sourceTree = "<group>"; };
		6EFF34DE210324C9005E7F88 /* R.generated.swift */ = {isa = PBXFileReference; fileEncoding = 4; lastKnownFileType = sourcecode.swift; path = R.generated.swift; sourceTree = SOURCE_ROOT; };
		6EFF34E1210328D5005E7F88 /* AddClovaViewController.swift */ = {isa = PBXFileReference; lastKnownFileType = sourcecode.swift; path = AddClovaViewController.swift; sourceTree = "<group>"; };
		6EFF34E3210328E1005E7F88 /* AddClovaViewController.storyboard */ = {isa = PBXFileReference; lastKnownFileType = file.storyboard; path = AddClovaViewController.storyboard; sourceTree = "<group>"; };
		6EFF34E521032B1E005E7F88 /* ClovaManager.swift */ = {isa = PBXFileReference; lastKnownFileType = sourcecode.swift; path = ClovaManager.swift; sourceTree = "<group>"; };
		6EFF34E821032B6F005E7F88 /* Clova.swift */ = {isa = PBXFileReference; lastKnownFileType = sourcecode.swift; path = Clova.swift; sourceTree = "<group>"; };
		6EFF34EA210334B3005E7F88 /* ClovaSpeechListViewController.swift */ = {isa = PBXFileReference; lastKnownFileType = sourcecode.swift; path = ClovaSpeechListViewController.swift; sourceTree = "<group>"; };
		6EFF34EC210334C0005E7F88 /* ClovaSpeechList.storyboard */ = {isa = PBXFileReference; lastKnownFileType = file.storyboard; path = ClovaSpeechList.storyboard; sourceTree = "<group>"; };
		6EFF34EF21033690005E7F88 /* Chat.swift */ = {isa = PBXFileReference; lastKnownFileType = sourcecode.swift; path = Chat.swift; sourceTree = "<group>"; };
		6EFF34F221033993005E7F88 /* ChatManager.swift */ = {isa = PBXFileReference; lastKnownFileType = sourcecode.swift; path = ChatManager.swift; sourceTree = "<group>"; };
		BD88503D861DBF956078096C /* Pods-clova-takizawa.debug.xcconfig */ = {isa = PBXFileReference; includeInIndex = 1; lastKnownFileType = text.xcconfig; name = "Pods-clova-takizawa.debug.xcconfig"; path = "Pods/Target Support Files/Pods-clova-takizawa/Pods-clova-takizawa.debug.xcconfig"; sourceTree = "<group>"; };
		C20B608D54AE76F3FA802058 /* Pods-clova-takizawa.release.xcconfig */ = {isa = PBXFileReference; includeInIndex = 1; lastKnownFileType = text.xcconfig; name = "Pods-clova-takizawa.release.xcconfig"; path = "Pods/Target Support Files/Pods-clova-takizawa/Pods-clova-takizawa.release.xcconfig"; sourceTree = "<group>"; };
/* End PBXFileReference section */

/* Begin PBXFrameworksBuildPhase section */
		6E91E972210321EA001EFD8A /* Frameworks */ = {
			isa = PBXFrameworksBuildPhase;
			buildActionMask = 2147483647;
			files = (
				64F28D97BDDF5D4A0040E30F /* Pods_clova_takizawa.framework in Frameworks */,
			);
			runOnlyForDeploymentPostprocessing = 0;
		};
/* End PBXFrameworksBuildPhase section */

/* Begin PBXGroup section */
		6E59E3DC21033C0D000098D9 /* DmList */ = {
			isa = PBXGroup;
			children = (
				6EF5A2B521034DC900C2842B /* DmListViewController.swift */,
			);
			path = DmList;
			sourceTree = "<group>";
		};
		6E91E96C210321EA001EFD8A = {
			isa = PBXGroup;
			children = (
				6E91E977210321EB001EFD8A /* clova-takizawa */,
				6E91E976210321EB001EFD8A /* Products */,
				D1DDFD99F8FAC7C89B5E94D6 /* Pods */,
				703FCE45948FED59635EE54F /* Frameworks */,
			);
			sourceTree = "<group>";
		};
		6E91E976210321EB001EFD8A /* Products */ = {
			isa = PBXGroup;
			children = (
				6E91E975210321EB001EFD8A /* clova-takizawa.app */,
			);
			name = Products;
			sourceTree = "<group>";
		};
		6E91E977210321EB001EFD8A /* clova-takizawa */ = {
			isa = PBXGroup;
			children = (
				6EF5A2B72103501700C2842B /* UI */,
				6EFF34F121033981005E7F88 /* Manager */,
				6EFF34E721032B63005E7F88 /* Models */,
				6EFF34E0210328B8005E7F88 /* ViewControllers */,
				6EFF34DE210324C9005E7F88 /* R.generated.swift */,
				6E91E978210321EB001EFD8A /* AppDelegate.swift */,
				6E91E97F210321ED001EFD8A /* Assets.xcassets */,
				6E91E981210321ED001EFD8A /* LaunchScreen.storyboard */,
				6E91E984210321ED001EFD8A /* Info.plist */,
			);
			path = "clova-takizawa";
			sourceTree = "<group>";
		};
		6EF5A2B72103501700C2842B /* UI */ = {
			isa = PBXGroup;
			children = (
				6EF5A2B82103501D00C2842B /* ChatInputBottomView */,
			);
			path = UI;
			sourceTree = "<group>";
		};
		6EF5A2B82103501D00C2842B /* ChatInputBottomView */ = {
			isa = PBXGroup;
			children = (
				6EF5A2B92103504500C2842B /* ChatInputBottomView.xib */,
				6EF5A2BB2103505300C2842B /* ChaInputBottomView.swift */,
			);
			path = ChatInputBottomView;
			sourceTree = "<group>";
		};
		6EF5A2BD210351ED00C2842B /* Dm */ = {
			isa = PBXGroup;
			children = (
				6EF5A2BE2103520800C2842B /* DmViewController.swift */,
			);
			path = Dm;
			sourceTree = "<group>";
		};
		6EFF34E0210328B8005E7F88 /* ViewControllers */ = {
			isa = PBXGroup;
			children = (
				6EF5A2BD210351ED00C2842B /* Dm */,
				6E59E3DC21033C0D000098D9 /* DmList */,
				6EFF34EE2103354E005E7F88 /* ClovaSpeechList */,
				6E91E97A210321EB001EFD8A /* TopViewController.swift */,
				6E91E97C210321EB001EFD8A /* TopViewController.storyboard */,
				6EFF34E1210328D5005E7F88 /* AddClovaViewController.swift */,
				6EFF34E3210328E1005E7F88 /* AddClovaViewController.storyboard */,
			);
			path = ViewControllers;
			sourceTree = "<group>";
		};
		6EFF34E721032B63005E7F88 /* Models */ = {
			isa = PBXGroup;
			children = (
				6EFF34E821032B6F005E7F88 /* Clova.swift */,
				6EFF34EF21033690005E7F88 /* Chat.swift */,
				6E59E3E121033CB0000098D9 /* Dm.swift */,
				6E59E3E3210347F4000098D9 /* User.swift */,
			);
			path = Models;
			sourceTree = "<group>";
		};
		6EFF34EE2103354E005E7F88 /* ClovaSpeechList */ = {
			isa = PBXGroup;
			children = (
				6EFF34EA210334B3005E7F88 /* ClovaSpeechListViewController.swift */,
				6EFF34EC210334C0005E7F88 /* ClovaSpeechList.storyboard */,
			);
			path = ClovaSpeechList;
			sourceTree = "<group>";
		};
		6EFF34F121033981005E7F88 /* Manager */ = {
			isa = PBXGroup;
			children = (
				6EFF34E521032B1E005E7F88 /* ClovaManager.swift */,
				6EFF34F221033993005E7F88 /* ChatManager.swift */,
				6E59E3DF21033CA7000098D9 /* DMManager.swift */,
			);
			path = Manager;
			sourceTree = "<group>";
		};
		703FCE45948FED59635EE54F /* Frameworks */ = {
			isa = PBXGroup;
			children = (
				0B9E4337AF4D9C452ED127D5 /* Pods_clova_takizawa.framework */,
			);
			name = Frameworks;
			sourceTree = "<group>";
		};
		D1DDFD99F8FAC7C89B5E94D6 /* Pods */ = {
			isa = PBXGroup;
			children = (
				BD88503D861DBF956078096C /* Pods-clova-takizawa.debug.xcconfig */,
				C20B608D54AE76F3FA802058 /* Pods-clova-takizawa.release.xcconfig */,
			);
			name = Pods;
			sourceTree = "<group>";
		};
/* End PBXGroup section */

/* Begin PBXNativeTarget section */
		6E91E974210321EA001EFD8A /* clova-takizawa */ = {
			isa = PBXNativeTarget;
			buildConfigurationList = 6E91E987210321ED001EFD8A /* Build configuration list for PBXNativeTarget "clova-takizawa" */;
			buildPhases = (
				D46CBBBF9EAF5E9BF094B24B /* [CP] Check Pods Manifest.lock */,
				6EFF34DD210323DC005E7F88 /* ShellScript */,
				6E91E971210321EA001EFD8A /* Sources */,
				6E91E972210321EA001EFD8A /* Frameworks */,
				6E91E973210321EA001EFD8A /* Resources */,
				D5269B501D29D5D2FBEC174C /* [CP] Embed Pods Frameworks */,
			);
			buildRules = (
			);
			dependencies = (
			);
			name = "clova-takizawa";
			productName = "clova-takizawa";
			productReference = 6E91E975210321EB001EFD8A /* clova-takizawa.app */;
			productType = "com.apple.product-type.application";
		};
/* End PBXNativeTarget section */

/* Begin PBXProject section */
		6E91E96D210321EA001EFD8A /* Project object */ = {
			isa = PBXProject;
			attributes = {
				LastSwiftUpdateCheck = 1000;
				LastUpgradeCheck = 1000;
				ORGANIZATIONNAME = kazu;
				TargetAttributes = {
					6E91E974210321EA001EFD8A = {
						CreatedOnToolsVersion = 10.0;
					};
				};
			};
			buildConfigurationList = 6E91E970210321EA001EFD8A /* Build configuration list for PBXProject "clova-takizawa" */;
			compatibilityVersion = "Xcode 9.3";
			developmentRegion = en;
			hasScannedForEncodings = 0;
			knownRegions = (
				en,
				Base,
			);
			mainGroup = 6E91E96C210321EA001EFD8A;
			productRefGroup = 6E91E976210321EB001EFD8A /* Products */;
			projectDirPath = "";
			projectRoot = "";
			targets = (
				6E91E974210321EA001EFD8A /* clova-takizawa */,
			);
		};
/* End PBXProject section */

/* Begin PBXResourcesBuildPhase section */
		6E91E973210321EA001EFD8A /* Resources */ = {
			isa = PBXResourcesBuildPhase;
			buildActionMask = 2147483647;
			files = (
				6EFF34ED210334C0005E7F88 /* ClovaSpeechList.storyboard in Resources */,
				6E91E983210321ED001EFD8A /* LaunchScreen.storyboard in Resources */,
				6E91E980210321ED001EFD8A /* Assets.xcassets in Resources */,
				6E91E97E210321EB001EFD8A /* TopViewController.storyboard in Resources */,
				6EFF34E4210328E1005E7F88 /* AddClovaViewController.storyboard in Resources */,
				6EF5A2BA2103504500C2842B /* ChatInputBottomView.xib in Resources */,
			);
			runOnlyForDeploymentPostprocessing = 0;
		};
/* End PBXResourcesBuildPhase section */

/* Begin PBXShellScriptBuildPhase section */
		6EFF34DD210323DC005E7F88 /* ShellScript */ = {
			isa = PBXShellScriptBuildPhase;
			buildActionMask = 2147483647;
			files = (
			);
			inputPaths = (
			);
			outputPaths = (
			);
			runOnlyForDeploymentPostprocessing = 0;
			shellPath = /bin/sh;
			shellScript = "\"$PODS_ROOT/R.swift/rswift\" generate \"$SRCROOT\"\n";
		};
		D46CBBBF9EAF5E9BF094B24B /* [CP] Check Pods Manifest.lock */ = {
			isa = PBXShellScriptBuildPhase;
			buildActionMask = 2147483647;
			files = (
			);
			inputPaths = (
				"${PODS_PODFILE_DIR_PATH}/Podfile.lock",
				"${PODS_ROOT}/Manifest.lock",
			);
			name = "[CP] Check Pods Manifest.lock";
			outputPaths = (
				"$(DERIVED_FILE_DIR)/Pods-clova-takizawa-checkManifestLockResult.txt",
			);
			runOnlyForDeploymentPostprocessing = 0;
			shellPath = /bin/sh;
			shellScript = "diff \"${PODS_PODFILE_DIR_PATH}/Podfile.lock\" \"${PODS_ROOT}/Manifest.lock\" > /dev/null\nif [ $? != 0 ] ; then\n    # print error to STDERR\n    echo \"error: The sandbox is not in sync with the Podfile.lock. Run 'pod install' or update your CocoaPods installation.\" >&2\n    exit 1\nfi\n# This output is used by Xcode 'outputs' to avoid re-running this script phase.\necho \"SUCCESS\" > \"${SCRIPT_OUTPUT_FILE_0}\"\n";
			showEnvVarsInLog = 0;
		};
		D5269B501D29D5D2FBEC174C /* [CP] Embed Pods Frameworks */ = {
			isa = PBXShellScriptBuildPhase;
			buildActionMask = 2147483647;
			files = (
			);
			inputPaths = (
				"${SRCROOT}/Pods/Target Support Files/Pods-clova-takizawa/Pods-clova-takizawa-frameworks.sh",
				"${BUILT_PRODUCTS_DIR}/Alamofire/Alamofire.framework",
				"${BUILT_PRODUCTS_DIR}/R.swift.Library/Rswift.framework",
				"${BUILT_PRODUCTS_DIR}/RxCocoa/RxCocoa.framework",
				"${BUILT_PRODUCTS_DIR}/RxSwift/RxSwift.framework",
				"${BUILT_PRODUCTS_DIR}/Unbox/Unbox.framework",
			);
			name = "[CP] Embed Pods Frameworks";
			outputPaths = (
				"${TARGET_BUILD_DIR}/${FRAMEWORKS_FOLDER_PATH}/Alamofire.framework",
				"${TARGET_BUILD_DIR}/${FRAMEWORKS_FOLDER_PATH}/Rswift.framework",
				"${TARGET_BUILD_DIR}/${FRAMEWORKS_FOLDER_PATH}/RxCocoa.framework",
				"${TARGET_BUILD_DIR}/${FRAMEWORKS_FOLDER_PATH}/RxSwift.framework",
				"${TARGET_BUILD_DIR}/${FRAMEWORKS_FOLDER_PATH}/Unbox.framework",
			);
			runOnlyForDeploymentPostprocessing = 0;
			shellPath = /bin/sh;
			shellScript = "\"${SRCROOT}/Pods/Target Support Files/Pods-clova-takizawa/Pods-clova-takizawa-frameworks.sh\"\n";
			showEnvVarsInLog = 0;
		};
/* End PBXShellScriptBuildPhase section */

/* Begin PBXSourcesBuildPhase section */
		6E91E971210321EA001EFD8A /* Sources */ = {
			isa = PBXSourcesBuildPhase;
			buildActionMask = 2147483647;
			files = (
				6E59E3E4210347F4000098D9 /* User.swift in Sources */,
				6EFF34E2210328D5005E7F88 /* AddClovaViewController.swift in Sources */,
				6EFF34EB210334B3005E7F88 /* ClovaSpeechListViewController.swift in Sources */,
				6EFF34E921032B6F005E7F88 /* Clova.swift in Sources */,
				6EFF34F321033993005E7F88 /* ChatManager.swift in Sources */,
				6E91E97B210321EB001EFD8A /* TopViewController.swift in Sources */,
				6EF5A2B621034DC900C2842B /* DmListViewController.swift in Sources */,
				6E91E979210321EB001EFD8A /* AppDelegate.swift in Sources */,
				6EFF34F021033690005E7F88 /* Chat.swift in Sources */,
				6EFF34DF210324CA005E7F88 /* R.generated.swift in Sources */,
				6EF5A2BF2103520800C2842B /* DmViewController.swift in Sources */,
				6E59E3E221033CB0000098D9 /* Dm.swift in Sources */,
				6EF5A2BC2103505300C2842B /* ChaInputBottomView.swift in Sources */,
				6E59E3E021033CA7000098D9 /* DMManager.swift in Sources */,
				6EFF34E621032B1E005E7F88 /* ClovaManager.swift in Sources */,
			);
			runOnlyForDeploymentPostprocessing = 0;
		};
/* End PBXSourcesBuildPhase section */

/* Begin PBXVariantGroup section */
		6E91E97C210321EB001EFD8A /* TopViewController.storyboard */ = {
			isa = PBXVariantGroup;
			children = (
				6E91E97D210321EB001EFD8A /* Base */,
			);
			name = TopViewController.storyboard;
			sourceTree = "<group>";
		};
		6E91E981210321ED001EFD8A /* LaunchScreen.storyboard */ = {
			isa = PBXVariantGroup;
			children = (
				6E91E982210321ED001EFD8A /* Base */,
			);
			name = LaunchScreen.storyboard;
			sourceTree = "<group>";
		};
/* End PBXVariantGroup section */

/* Begin XCBuildConfiguration section */
		6E91E985210321ED001EFD8A /* Debug */ = {
			isa = XCBuildConfiguration;
			buildSettings = {
				ALWAYS_SEARCH_USER_PATHS = NO;
				CLANG_ANALYZER_NONNULL = YES;
				CLANG_ANALYZER_NUMBER_OBJECT_CONVERSION = YES_AGGRESSIVE;
				CLANG_CXX_LANGUAGE_STANDARD = "gnu++14";
				CLANG_CXX_LIBRARY = "libc++";
				CLANG_ENABLE_MODULES = YES;
				CLANG_ENABLE_OBJC_ARC = YES;
				CLANG_ENABLE_OBJC_WEAK = YES;
				CLANG_WARN_BLOCK_CAPTURE_AUTORELEASING = YES;
				CLANG_WARN_BOOL_CONVERSION = YES;
				CLANG_WARN_COMMA = YES;
				CLANG_WARN_CONSTANT_CONVERSION = YES;
				CLANG_WARN_DEPRECATED_OBJC_IMPLEMENTATIONS = YES;
				CLANG_WARN_DIRECT_OBJC_ISA_USAGE = YES_ERROR;
				CLANG_WARN_DOCUMENTATION_COMMENTS = YES;
				CLANG_WARN_EMPTY_BODY = YES;
				CLANG_WARN_ENUM_CONVERSION = YES;
				CLANG_WARN_INFINITE_RECURSION = YES;
				CLANG_WARN_INT_CONVERSION = YES;
				CLANG_WARN_NON_LITERAL_NULL_CONVERSION = YES;
				CLANG_WARN_OBJC_IMPLICIT_RETAIN_SELF = YES;
				CLANG_WARN_OBJC_LITERAL_CONVERSION = YES;
				CLANG_WARN_OBJC_ROOT_CLASS = YES_ERROR;
				CLANG_WARN_RANGE_LOOP_ANALYSIS = YES;
				CLANG_WARN_STRICT_PROTOTYPES = YES;
				CLANG_WARN_SUSPICIOUS_MOVE = YES;
				CLANG_WARN_UNGUARDED_AVAILABILITY = YES_AGGRESSIVE;
				CLANG_WARN_UNREACHABLE_CODE = YES;
				CLANG_WARN__DUPLICATE_METHOD_MATCH = YES;
				CODE_SIGN_IDENTITY = "iPhone Developer";
				COPY_PHASE_STRIP = NO;
				DEBUG_INFORMATION_FORMAT = dwarf;
				ENABLE_STRICT_OBJC_MSGSEND = YES;
				ENABLE_TESTABILITY = YES;
				GCC_C_LANGUAGE_STANDARD = gnu11;
				GCC_DYNAMIC_NO_PIC = NO;
				GCC_NO_COMMON_BLOCKS = YES;
				GCC_OPTIMIZATION_LEVEL = 0;
				GCC_PREPROCESSOR_DEFINITIONS = (
					"DEBUG=1",
					"$(inherited)",
				);
				GCC_WARN_64_TO_32_BIT_CONVERSION = YES;
				GCC_WARN_ABOUT_RETURN_TYPE = YES_ERROR;
				GCC_WARN_UNDECLARED_SELECTOR = YES;
				GCC_WARN_UNINITIALIZED_AUTOS = YES_AGGRESSIVE;
				GCC_WARN_UNUSED_FUNCTION = YES;
				GCC_WARN_UNUSED_VARIABLE = YES;
				IPHONEOS_DEPLOYMENT_TARGET = 12.0;
				MTL_ENABLE_DEBUG_INFO = INCLUDE_SOURCE;
				MTL_FAST_MATH = YES;
				ONLY_ACTIVE_ARCH = YES;
				SDKROOT = iphoneos;
				SWIFT_ACTIVE_COMPILATION_CONDITIONS = DEBUG;
				SWIFT_OPTIMIZATION_LEVEL = "-Onone";
			};
			name = Debug;
		};
		6E91E986210321ED001EFD8A /* Release */ = {
			isa = XCBuildConfiguration;
			buildSettings = {
				ALWAYS_SEARCH_USER_PATHS = NO;
				CLANG_ANALYZER_NONNULL = YES;
				CLANG_ANALYZER_NUMBER_OBJECT_CONVERSION = YES_AGGRESSIVE;
				CLANG_CXX_LANGUAGE_STANDARD = "gnu++14";
				CLANG_CXX_LIBRARY = "libc++";
				CLANG_ENABLE_MODULES = YES;
				CLANG_ENABLE_OBJC_ARC = YES;
				CLANG_ENABLE_OBJC_WEAK = YES;
				CLANG_WARN_BLOCK_CAPTURE_AUTORELEASING = YES;
				CLANG_WARN_BOOL_CONVERSION = YES;
				CLANG_WARN_COMMA = YES;
				CLANG_WARN_CONSTANT_CONVERSION = YES;
				CLANG_WARN_DEPRECATED_OBJC_IMPLEMENTATIONS = YES;
				CLANG_WARN_DIRECT_OBJC_ISA_USAGE = YES_ERROR;
				CLANG_WARN_DOCUMENTATION_COMMENTS = YES;
				CLANG_WARN_EMPTY_BODY = YES;
				CLANG_WARN_ENUM_CONVERSION = YES;
				CLANG_WARN_INFINITE_RECURSION = YES;
				CLANG_WARN_INT_CONVERSION = YES;
				CLANG_WARN_NON_LITERAL_NULL_CONVERSION = YES;
				CLANG_WARN_OBJC_IMPLICIT_RETAIN_SELF = YES;
				CLANG_WARN_OBJC_LITERAL_CONVERSION = YES;
				CLANG_WARN_OBJC_ROOT_CLASS = YES_ERROR;
				CLANG_WARN_RANGE_LOOP_ANALYSIS = YES;
				CLANG_WARN_STRICT_PROTOTYPES = YES;
				CLANG_WARN_SUSPICIOUS_MOVE = YES;
				CLANG_WARN_UNGUARDED_AVAILABILITY = YES_AGGRESSIVE;
				CLANG_WARN_UNREACHABLE_CODE = YES;
				CLANG_WARN__DUPLICATE_METHOD_MATCH = YES;
				CODE_SIGN_IDENTITY = "iPhone Developer";
				COPY_PHASE_STRIP = NO;
				DEBUG_INFORMATION_FORMAT = "dwarf-with-dsym";
				ENABLE_NS_ASSERTIONS = NO;
				ENABLE_STRICT_OBJC_MSGSEND = YES;
				GCC_C_LANGUAGE_STANDARD = gnu11;
				GCC_NO_COMMON_BLOCKS = YES;
				GCC_WARN_64_TO_32_BIT_CONVERSION = YES;
				GCC_WARN_ABOUT_RETURN_TYPE = YES_ERROR;
				GCC_WARN_UNDECLARED_SELECTOR = YES;
				GCC_WARN_UNINITIALIZED_AUTOS = YES_AGGRESSIVE;
				GCC_WARN_UNUSED_FUNCTION = YES;
				GCC_WARN_UNUSED_VARIABLE = YES;
				IPHONEOS_DEPLOYMENT_TARGET = 12.0;
				MTL_ENABLE_DEBUG_INFO = NO;
				MTL_FAST_MATH = YES;
				SDKROOT = iphoneos;
				SWIFT_COMPILATION_MODE = wholemodule;
				SWIFT_OPTIMIZATION_LEVEL = "-O";
				VALIDATE_PRODUCT = YES;
			};
			name = Release;
		};
		6E91E988210321ED001EFD8A /* Debug */ = {
			isa = XCBuildConfiguration;
			baseConfigurationReference = BD88503D861DBF956078096C /* Pods-clova-takizawa.debug.xcconfig */;
			buildSettings = {
				ASSETCATALOG_COMPILER_APPICON_NAME = AppIcon;
				CODE_SIGN_STYLE = Automatic;
				DEVELOPMENT_TEAM = TKM4VSA3YF;
				INFOPLIST_FILE = "clova-takizawa/Info.plist";
				LD_RUNPATH_SEARCH_PATHS = (
					"$(inherited)",
					"@executable_path/Frameworks",
				);
				PRODUCT_BUNDLE_IDENTIFIER = "com.kazu.clova-takizawa";
				PRODUCT_NAME = "$(TARGET_NAME)";
				SWIFT_VERSION = 4.2;
				TARGETED_DEVICE_FAMILY = "1,2";
			};
			name = Debug;
		};
		6E91E989210321ED001EFD8A /* Release */ = {
			isa = XCBuildConfiguration;
			baseConfigurationReference = C20B608D54AE76F3FA802058 /* Pods-clova-takizawa.release.xcconfig */;
			buildSettings = {
				ASSETCATALOG_COMPILER_APPICON_NAME = AppIcon;
				CODE_SIGN_STYLE = Automatic;
				DEVELOPMENT_TEAM = TKM4VSA3YF;
				INFOPLIST_FILE = "clova-takizawa/Info.plist";
				LD_RUNPATH_SEARCH_PATHS = (
					"$(inherited)",
					"@executable_path/Frameworks",
				);
				PRODUCT_BUNDLE_IDENTIFIER = "com.kazu.clova-takizawa";
				PRODUCT_NAME = "$(TARGET_NAME)";
				SWIFT_VERSION = 4.2;
				TARGETED_DEVICE_FAMILY = "1,2";
			};
			name = Release;
		};
/* End XCBuildConfiguration section */

/* Begin XCConfigurationList section */
		6E91E970210321EA001EFD8A /* Build configuration list for PBXProject "clova-takizawa" */ = {
			isa = XCConfigurationList;
			buildConfigurations = (
				6E91E985210321ED001EFD8A /* Debug */,
				6E91E986210321ED001EFD8A /* Release */,
			);
			defaultConfigurationIsVisible = 0;
			defaultConfigurationName = Release;
		};
		6E91E987210321ED001EFD8A /* Build configuration list for PBXNativeTarget "clova-takizawa" */ = {
			isa = XCConfigurationList;
			buildConfigurations = (
				6E91E988210321ED001EFD8A /* Debug */,
				6E91E989210321ED001EFD8A /* Release */,
			);
			defaultConfigurationIsVisible = 0;
			defaultConfigurationName = Release;
		};
/* End XCConfigurationList section */
	};
	rootObject = 6E91E96D210321EA001EFD8A /* Project object */;
}
